github.com/syntelos/go-json v0.0.0-20240125175910-bf052c6485be h1:p4orMA04468/G1VZ+tVRdKvuVkJED12KEousqpA9mp8=
github.com/syntelos/go-json v0.0.0-20240125175910-bf052c6485be/go.mod h1:2E60xQ0mF+jaML9x2GcD14V2QFpQRim8g9zpRGZWSNU=
github.com/syntelos/go-span v0.0.0-20240116162324-31cfbe3c5924 h1:niFc+24jrflBJUhAfaX1Iepw+EIJ2MBloF1ykAALJ9o=
github.com/syntelos/go-span v0.0.0-20240116162324-31cfbe3c5924/go.mod h1:iUKPZ0RgOy+kY36HAyJQMdZUcgBp/6a/OE7RGHFxJcc=
